
Microsoft Visual Studio Solution File, Format Version 12.00
# Visual Studio Version 16
VisualStudioVersion = 16.0.29806.167
MinimumVisualStudioVersion = 10.0.40219.1
Project("{FAE04EC0-301F-11D3-BF4B-00C04F79EFBC}") = "FaceDetection", "FaceDetection\FaceDetection.csproj", "{8B7FE8D2-A5A7-491F-B3DC-691C31623BFA}"
EndProject
Global
	GlobalSection(SolutionConfigurationPlatforms) = preSolution
		Debug|Any CPU = Debug|Any CPU
		Release|Any CPU = Release|Any CPU
	EndGlobalSection
	GlobalSection(ProjectConfigurationPlatforms) = postSolution
		{8B7FE8D2-A5A7-491F-B3DC-691C31623BFA}.Debug|Any CPU.ActiveCfg = Debug|Any CPU
		{8B7FE8D2-A5A7-491F-B3DC-691C31623BFA}.Debug|Any CPU.Build.0 = Debug|Any CPU
		{8B7FE8D2-A5A7-491F-B3DC-691C31623BFA}.Release|Any CPU.ActiveCfg = Release|Any CPU
		{8B7FE8D2-A5A7-491F-B3DC-691C31623BFA}.Release|Any CPU.Build.0 = Release|Any CPU
	EndGlobalSection
	GlobalSection(SolutionProperties) = preSolution
		HideSolutionNode = FALSE
	EndGlobalSection
	GlobalSection(ExtensibilityGlobals) = postSolution
		SolutionGuid = {75F367A8-B827-4617-BBC4-BA0A65F4314E}
	EndGlobalSection
EndGlobal
